// !$*UTF8*$!
{
	archiveVersion = 1;
	classes = {
	};
	objectVersion = 56;
	objects = {

/* Begin PBXBuildFile section */
		5742571F2AB83D0C001CC405 /* SavedColorTableViewCell.swift in Sources */ = {isa = PBXBuildFile; fileRef = 5742571E2AB83D0C001CC405 /* SavedColorTableViewCell.swift */; };
		574927172ABC3E500019780B /* colorType.swift in Sources */ = {isa = PBXBuildFile; fileRef = 574927162ABC3E500019780B /* colorType.swift */; };
		5749271F2ABC40470019780B /* ColorSelectorTests.swift in Sources */ = {isa = PBXBuildFile; fileRef = 5749271E2ABC40470019780B /* ColorSelectorTests.swift */; };
		57E9EB9F2AB1A84700326E1E /* ZoomBubbleView.swift in Sources */ = {isa = PBXBuildFile; fileRef = 57E9EB9E2AB1A84700326E1E /* ZoomBubbleView.swift */; };
		57E9EBA22AB1A8CC00326E1E /* LivePickerViewController.swift in Sources */ = {isa = PBXBuildFile; fileRef = 57E9EBA12AB1A8CC00326E1E /* LivePickerViewController.swift */; };
		57E9EBA42AB306BF00326E1E /* BookmarksColorViewController.swift in Sources */ = {isa = PBXBuildFile; fileRef = 57E9EBA32AB306BE00326E1E /* BookmarksColorViewController.swift */; };
		57FC1B862AAB42A5007AE0DA /* AppDelegate.swift in Sources */ = {isa = PBXBuildFile; fileRef = 57FC1B852AAB42A5007AE0DA /* AppDelegate.swift */; };
		57FC1B882AAB42A5007AE0DA /* SceneDelegate.swift in Sources */ = {isa = PBXBuildFile; fileRef = 57FC1B872AAB42A5007AE0DA /* SceneDelegate.swift */; };
		57FC1B8A2AAB42A5007AE0DA /* MainViewController.swift in Sources */ = {isa = PBXBuildFile; fileRef = 57FC1B892AAB42A5007AE0DA /* MainViewController.swift */; };
		57FC1B8D2AAB42A5007AE0DA /* Main.storyboard in Resources */ = {isa = PBXBuildFile; fileRef = 57FC1B8B2AAB42A5007AE0DA /* Main.storyboard */; };
		57FC1B8F2AAB42AA007AE0DA /* Assets.xcassets in Resources */ = {isa = PBXBuildFile; fileRef = 57FC1B8E2AAB42AA007AE0DA /* Assets.xcassets */; };
		57FC1B922AAB42AA007AE0DA /* LaunchScreen.storyboard in Resources */ = {isa = PBXBuildFile; fileRef = 57FC1B902AAB42AA007AE0DA /* LaunchScreen.storyboard */; };
		57FC1B9F2AAB4DE0007AE0DA /* UIImageExtension.swift in Sources */ = {isa = PBXBuildFile; fileRef = 57FC1B9E2AAB4DE0007AE0DA /* UIImageExtension.swift */; };
		57FC1BA52AAB66E7007AE0DA /* UIColorExtension.swift in Sources */ = {isa = PBXBuildFile; fileRef = 57FC1BA42AAB66E7007AE0DA /* UIColorExtension.swift */; };
/* End PBXBuildFile section */

/* Begin PBXContainerItemProxy section */
		574927202ABC40470019780B /* PBXContainerItemProxy */ = {
			isa = PBXContainerItemProxy;
			containerPortal = 57FC1B7A2AAB42A5007AE0DA /* Project object */;
			proxyType = 1;
			remoteGlobalIDString = 57FC1B812AAB42A5007AE0DA;
			remoteInfo = ColorSelector;
		};
/* End PBXContainerItemProxy section */

/* Begin PBXFileReference section */
		5742571E2AB83D0C001CC405 /* SavedColorTableViewCell.swift */ = {isa = PBXFileReference; lastKnownFileType = sourcecode.swift; path = SavedColorTableViewCell.swift; sourceTree = "<group>"; };
		574927162ABC3E500019780B /* colorType.swift */ = {isa = PBXFileReference; lastKnownFileType = sourcecode.swift; path = colorType.swift; sourceTree = "<group>"; };
		5749271C2ABC40470019780B /* ColorSelectorTests.xctest */ = {isa = PBXFileReference; explicitFileType = wrapper.cfbundle; includeInIndex = 0; path = ColorSelectorTests.xctest; sourceTree = BUILT_PRODUCTS_DIR; };
		5749271E2ABC40470019780B /* ColorSelectorTests.swift */ = {isa = PBXFileReference; lastKnownFileType = sourcecode.swift; path = ColorSelectorTests.swift; sourceTree = "<group>"; };
		57E9EB9E2AB1A84700326E1E /* ZoomBubbleView.swift */ = {isa = PBXFileReference; lastKnownFileType = sourcecode.swift; path = ZoomBubbleView.swift; sourceTree = "<group>"; };
		57E9EBA12AB1A8CC00326E1E /* LivePickerViewController.swift */ = {isa = PBXFileReference; lastKnownFileType = sourcecode.swift; path = LivePickerViewController.swift; sourceTree = "<group>"; };
		57E9EBA32AB306BE00326E1E /* BookmarksColorViewController.swift */ = {isa = PBXFileReference; lastKnownFileType = sourcecode.swift; path = BookmarksColorViewController.swift; sourceTree = "<group>"; };
		57FC1B822AAB42A5007AE0DA /* ColorSelector.app */ = {isa = PBXFileReference; explicitFileType = wrapper.application; includeInIndex = 0; path = ColorSelector.app; sourceTree = BUILT_PRODUCTS_DIR; };
		57FC1B852AAB42A5007AE0DA /* AppDelegate.swift */ = {isa = PBXFileReference; lastKnownFileType = sourcecode.swift; path = AppDelegate.swift; sourceTree = "<group>"; };
		57FC1B872AAB42A5007AE0DA /* SceneDelegate.swift */ = {isa = PBXFileReference; lastKnownFileType = sourcecode.swift; path = SceneDelegate.swift; sourceTree = "<group>"; };
		57FC1B892AAB42A5007AE0DA /* MainViewController.swift */ = {isa = PBXFileReference; lastKnownFileType = sourcecode.swift; path = MainViewController.swift; sourceTree = "<group>"; };
		57FC1B8C2AAB42A5007AE0DA /* Base */ = {isa = PBXFileReference; lastKnownFileType = file.storyboard; name = Base; path = Base.lproj/Main.storyboard; sourceTree = "<group>"; };
		57FC1B8E2AAB42AA007AE0DA /* Assets.xcassets */ = {isa = PBXFileReference; lastKnownFileType = folder.assetcatalog; path = Assets.xcassets; sourceTree = "<group>"; };
		57FC1B912AAB42AA007AE0DA /* Base */ = {isa = PBXFileReference; lastKnownFileType = file.storyboard; name = Base; path = Base.lproj/LaunchScreen.storyboard; sourceTree = "<group>"; };
		57FC1B932AAB42AA007AE0DA /* Info.plist */ = {isa = PBXFileReference; lastKnownFileType = text.plist.xml; path = Info.plist; sourceTree = "<group>"; };
		57FC1B9E2AAB4DE0007AE0DA /* UIImageExtension.swift */ = {isa = PBXFileReference; lastKnownFileType = sourcecode.swift; path = UIImageExtension.swift; sourceTree = "<group>"; };
		57FC1BA42AAB66E7007AE0DA /* UIColorExtension.swift */ = {isa = PBXFileReference; lastKnownFileType = sourcecode.swift; path = UIColorExtension.swift; sourceTree = "<group>"; };
/* End PBXFileReference section */

/* Begin PBXFrameworksBuildPhase section */
		574927192ABC40470019780B /* Frameworks */ = {
			isa = PBXFrameworksBuildPhase;
			buildActionMask = 2147483647;
			files = (
			);
			runOnlyForDeploymentPostprocessing = 0;
		};
		57FC1B7F2AAB42A5007AE0DA /* Frameworks */ = {
			isa = PBXFrameworksBuildPhase;
			buildActionMask = 2147483647;
			files = (
			);
			runOnlyForDeploymentPostprocessing = 0;
		};
/* End PBXFrameworksBuildPhase section */

/* Begin PBXGroup section */
		5749271D2ABC40470019780B /* ColorSelectorTests */ = {
			isa = PBXGroup;
			children = (
				5749271E2ABC40470019780B /* ColorSelectorTests.swift */,
			);
			path = ColorSelectorTests;
			sourceTree = "<group>";
		};
		57E9EBA02AB1A88E00326E1E /* CustomViews */ = {
			isa = PBXGroup;
			children = (
				57E9EB9E2AB1A84700326E1E /* ZoomBubbleView.swift */,
				5742571E2AB83D0C001CC405 /* SavedColorTableViewCell.swift */,
			);
			path = CustomViews;
			sourceTree = "<group>";
		};
		57FC1B792AAB42A5007AE0DA = {
			isa = PBXGroup;
			children = (
				57FC1B842AAB42A5007AE0DA /* ColorSelector */,
				5749271D2ABC40470019780B /* ColorSelectorTests */,
				57FC1B832AAB42A5007AE0DA /* Products */,
			);
			sourceTree = "<group>";
		};
		57FC1B832AAB42A5007AE0DA /* Products */ = {
			isa = PBXGroup;
			children = (
				57FC1B822AAB42A5007AE0DA /* ColorSelector.app */,
				5749271C2ABC40470019780B /* ColorSelectorTests.xctest */,
			);
			name = Products;
			sourceTree = "<group>";
		};
		57FC1B842AAB42A5007AE0DA /* ColorSelector */ = {
			isa = PBXGroup;
			children = (
				57FC1B9D2AAB4DB6007AE0DA /* Extensions */,
				57FC1B9C2AAB43C8007AE0DA /* OtherFiles */,
				57FC1B9B2AAB43B0007AE0DA /* Models */,
				57FC1B9A2AAB43A8007AE0DA /* Views */,
				57FC1B992AAB439E007AE0DA /* Controllers */,
				57FC1B932AAB42AA007AE0DA /* Info.plist */,
			);
			path = ColorSelector;
			sourceTree = "<group>";
		};
		57FC1B992AAB439E007AE0DA /* Controllers */ = {
			isa = PBXGroup;
			children = (
				57FC1B892AAB42A5007AE0DA /* MainViewController.swift */,
				57E9EBA12AB1A8CC00326E1E /* LivePickerViewController.swift */,
				57E9EBA32AB306BE00326E1E /* BookmarksColorViewController.swift */,
			);
			path = Controllers;
			sourceTree = "<group>";
		};
		57FC1B9A2AAB43A8007AE0DA /* Views */ = {
			isa = PBXGroup;
			children = (
				57E9EBA02AB1A88E00326E1E /* CustomViews */,
				57FC1B8B2AAB42A5007AE0DA /* Main.storyboard */,
				57FC1B902AAB42AA007AE0DA /* LaunchScreen.storyboard */,
			);
			path = Views;
			sourceTree = "<group>";
		};
		57FC1B9B2AAB43B0007AE0DA /* Models */ = {
			isa = PBXGroup;
			children = (
				574927162ABC3E500019780B /* colorType.swift */,
			);
			path = Models;
			sourceTree = "<group>";
		};
		57FC1B9C2AAB43C8007AE0DA /* OtherFiles */ = {
			isa = PBXGroup;
			children = (
				57FC1B872AAB42A5007AE0DA /* SceneDelegate.swift */,
				57FC1B852AAB42A5007AE0DA /* AppDelegate.swift */,
				57FC1B8E2AAB42AA007AE0DA /* Assets.xcassets */,
			);
			path = OtherFiles;
			sourceTree = "<group>";
		};
		57FC1B9D2AAB4DB6007AE0DA /* Extensions */ = {
			isa = PBXGroup;
			children = (
				57FC1B9E2AAB4DE0007AE0DA /* UIImageExtension.swift */,
				57FC1BA42AAB66E7007AE0DA /* UIColorExtension.swift */,
			);
			path = Extensions;
			sourceTree = "<group>";
		};
/* End PBXGroup section */

/* Begin PBXNativeTarget section */
		5749271B2ABC40470019780B /* ColorSelectorTests */ = {
			isa = PBXNativeTarget;
			buildConfigurationList = 574927222ABC40480019780B /* Build configuration list for PBXNativeTarget "ColorSelectorTests" */;
			buildPhases = (
				574927182ABC40470019780B /* Sources */,
				574927192ABC40470019780B /* Frameworks */,
				5749271A2ABC40470019780B /* Resources */,
			);
			buildRules = (
			);
			dependencies = (
				574927212ABC40470019780B /* PBXTargetDependency */,
			);
			name = ColorSelectorTests;
			productName = ColorSelectorTests;
			productReference = 5749271C2ABC40470019780B /* ColorSelectorTests.xctest */;
			productType = "com.apple.product-type.bundle.unit-test";
		};
		57FC1B812AAB42A5007AE0DA /* ColorSelector */ = {
			isa = PBXNativeTarget;
			buildConfigurationList = 57FC1B962AAB42AA007AE0DA /* Build configuration list for PBXNativeTarget "ColorSelector" */;
			buildPhases = (
				57FC1B7E2AAB42A5007AE0DA /* Sources */,
				57FC1B7F2AAB42A5007AE0DA /* Frameworks */,
				57FC1B802AAB42A5007AE0DA /* Resources */,
			);
			buildRules = (
			);
			dependencies = (
			);
			name = ColorSelector;
			packageProductDependencies = (
			);
			productName = ColorSelector;
			productReference = 57FC1B822AAB42A5007AE0DA /* ColorSelector.app */;
			productType = "com.apple.product-type.application";
		};
/* End PBXNativeTarget section */

/* Begin PBXProject section */
		57FC1B7A2AAB42A5007AE0DA /* Project object */ = {
			isa = PBXProject;
			attributes = {
				BuildIndependentTargetsInParallel = 1;
				LastSwiftUpdateCheck = 1420;
				LastUpgradeCheck = 1420;
				TargetAttributes = {
					5749271B2ABC40470019780B = {
						CreatedOnToolsVersion = 14.2;
						TestTargetID = 57FC1B812AAB42A5007AE0DA;
					};
					57FC1B812AAB42A5007AE0DA = {
						CreatedOnToolsVersion = 14.2;
					};
				};
			};
			buildConfigurationList = 57FC1B7D2AAB42A5007AE0DA /* Build configuration list for PBXProject "ColorSelector" */;
			compatibilityVersion = "Xcode 14.0";
			developmentRegion = en;
			hasScannedForEncodings = 0;
			knownRegions = (
				en,
				Base,
			);
			mainGroup = 57FC1B792AAB42A5007AE0DA;
			packageReferences = (
			);
			productRefGroup = 57FC1B832AAB42A5007AE0DA /* Products */;
			projectDirPath = "";
			projectRoot = "";
			targets = (
				57FC1B812AAB42A5007AE0DA /* ColorSelector */,
				5749271B2ABC40470019780B /* ColorSelectorTests */,
			);
		};
/* End PBXProject section */

/* Begin PBXResourcesBuildPhase section */
		5749271A2ABC40470019780B /* Resources */ = {
			isa = PBXResourcesBuildPhase;
			buildActionMask = 2147483647;
			files = (
			);
			runOnlyForDeploymentPostprocessing = 0;
		};
		57FC1B802AAB42A5007AE0DA /* Resources */ = {
			isa = PBXResourcesBuildPhase;
			buildActionMask = 2147483647;
			files = (
				57FC1B922AAB42AA007AE0DA /* LaunchScreen.storyboard in Resources */,
				57FC1B8F2AAB42AA007AE0DA /* Assets.xcassets in Resources */,
				57FC1B8D2AAB42A5007AE0DA /* Main.storyboard in Resources */,
			);
			runOnlyForDeploymentPostprocessing = 0;
		};
/* End PBXResourcesBuildPhase section */

/* Begin PBXSourcesBuildPhase section */
		574927182ABC40470019780B /* Sources */ = {
			isa = PBXSourcesBuildPhase;
			buildActionMask = 2147483647;
			files = (
				5749271F2ABC40470019780B /* ColorSelectorTests.swift in Sources */,
			);
			runOnlyForDeploymentPostprocessing = 0;
		};
		57FC1B7E2AAB42A5007AE0DA /* Sources */ = {
			isa = PBXSourcesBuildPhase;
			buildActionMask = 2147483647;
			files = (
				57FC1B8A2AAB42A5007AE0DA /* MainViewController.swift in Sources */,
				57E9EBA22AB1A8CC00326E1E /* LivePickerViewController.swift in Sources */,
				57E9EB9F2AB1A84700326E1E /* ZoomBubbleView.swift in Sources */,
				57FC1B862AAB42A5007AE0DA /* AppDelegate.swift in Sources */,
				57E9EBA42AB306BF00326E1E /* BookmarksColorViewController.swift in Sources */,
				57FC1BA52AAB66E7007AE0DA /* UIColorExtension.swift in Sources */,
				57FC1B882AAB42A5007AE0DA /* SceneDelegate.swift in Sources */,
				5742571F2AB83D0C001CC405 /* SavedColorTableViewCell.swift in Sources */,
				57FC1B9F2AAB4DE0007AE0DA /* UIImageExtension.swift in Sources */,
				574927172ABC3E500019780B /* colorType.swift in Sources */,
			);
			runOnlyForDeploymentPostprocessing = 0;
		};
/* End PBXSourcesBuildPhase section */

/* Begin PBXTargetDependency section */
		574927212ABC40470019780B /* PBXTargetDependency */ = {
			isa = PBXTargetDependency;
			target = 57FC1B812AAB42A5007AE0DA /* ColorSelector */;
			targetProxy = 574927202ABC40470019780B /* PBXContainerItemProxy */;
		};
/* End PBXTargetDependency section */

/* Begin PBXVariantGroup section */
		57FC1B8B2AAB42A5007AE0DA /* Main.storyboard */ = {
			isa = PBXVariantGroup;
			children = (
				57FC1B8C2AAB42A5007AE0DA /* Base */,
			);
			name = Main.storyboard;
			sourceTree = "<group>";
		};
		57FC1B902AAB42AA007AE0DA /* LaunchScreen.storyboard */ = {
			isa = PBXVariantGroup;
			children = (
				57FC1B912AAB42AA007AE0DA /* Base */,
			);
			name = LaunchScreen.storyboard;
			sourceTree = "<group>";
		};
/* End PBXVariantGroup section */

/* Begin XCBuildConfiguration section */
		574927232ABC40480019780B /* Debug */ = {
			isa = XCBuildConfiguration;
			buildSettings = {
				BUNDLE_LOADER = "$(TEST_HOST)";
				CODE_SIGN_STYLE = Automatic;
				CURRENT_PROJECT_VERSION = 1;
				DEVELOPMENT_TEAM = 6KJCJHF4C4;
				GENERATE_INFOPLIST_FILE = YES;
				MARKETING_VERSION = 1.0;
				PRODUCT_BUNDLE_IDENTIFIER = com.wassim.Zerouta.ColorSelectorTests;
				PRODUCT_NAME = "$(TARGET_NAME)";
				SWIFT_EMIT_LOC_STRINGS = NO;
				SWIFT_VERSION = 5.0;
				TARGETED_DEVICE_FAMILY = "1,2";
				TEST_HOST = "$(BUILT_PRODUCTS_DIR)/ColorSelector.app/$(BUNDLE_EXECUTABLE_FOLDER_PATH)/ColorSelector";
			};
			name = Debug;
		};
		574927242ABC40480019780B /* Release */ = {
			isa = XCBuildConfiguration;
			buildSettings = {
				BUNDLE_LOADER = "$(TEST_HOST)";
				CODE_SIGN_STYLE = Automatic;
				CURRENT_PROJECT_VERSION = 1;
				DEVELOPMENT_TEAM = 6KJCJHF4C4;
				GENERATE_INFOPLIST_FILE = YES;
				MARKETING_VERSION = 1.0;
				PRODUCT_BUNDLE_IDENTIFIER = com.wassim.Zerouta.ColorSelectorTests;
				PRODUCT_NAME = "$(TARGET_NAME)";
				SWIFT_EMIT_LOC_STRINGS = NO;
				SWIFT_VERSION = 5.0;
				TARGETED_DEVICE_FAMILY = "1,2";
				TEST_HOST = "$(BUILT_PRODUCTS_DIR)/ColorSelector.app/$(BUNDLE_EXECUTABLE_FOLDER_PATH)/ColorSelector";
			};
			name = Release;
		};
		57FC1B942AAB42AA007AE0DA /* Debug */ = {
			isa = XCBuildConfiguration;
			buildSettings = {
				ALWAYS_SEARCH_USER_PATHS = NO;
				CLANG_ANALYZER_NONNULL = YES;
				CLANG_ANALYZER_NUMBER_OBJECT_CONVERSION = YES_AGGRESSIVE;
				CLANG_CXX_LANGUAGE_STANDARD = "gnu++20";
				CLANG_ENABLE_MODULES = YES;
				CLANG_ENABLE_OBJC_ARC = YES;
				CLANG_ENABLE_OBJC_WEAK = YES;
				CLANG_WARN_BLOCK_CAPTURE_AUTORELEASING = YES;
				CLANG_WARN_BOOL_CONVERSION = YES;
				CLANG_WARN_COMMA = YES;
				CLANG_WARN_CONSTANT_CONVERSION = YES;
				CLANG_WARN_DEPRECATED_OBJC_IMPLEMENTATIONS = YES;
				CLANG_WARN_DIRECT_OBJC_ISA_USAGE = YES_ERROR;
				CLANG_WARN_DOCUMENTATION_COMMENTS = YES;
				CLANG_WARN_EMPTY_BODY = YES;
				CLANG_WARN_ENUM_CONVERSION = YES;
				CLANG_WARN_INFINITE_RECURSION = YES;
				CLANG_WARN_INT_CONVERSION = YES;
				CLANG_WARN_NON_LITERAL_NULL_CONVERSION = YES;
				CLANG_WARN_OBJC_IMPLICIT_RETAIN_SELF = YES;
				CLANG_WARN_OBJC_LITERAL_CONVERSION = YES;
				CLANG_WARN_OBJC_ROOT_CLASS = YES_ERROR;
				CLANG_WARN_QUOTED_INCLUDE_IN_FRAMEWORK_HEADER = YES;
				CLANG_WARN_RANGE_LOOP_ANALYSIS = YES;
				CLANG_WARN_STRICT_PROTOTYPES = YES;
				CLANG_WARN_SUSPICIOUS_MOVE = YES;
				CLANG_WARN_UNGUARDED_AVAILABILITY = YES_AGGRESSIVE;
				CLANG_WARN_UNREACHABLE_CODE = YES;
				CLANG_WARN__DUPLICATE_METHOD_MATCH = YES;
				COPY_PHASE_STRIP = NO;
				DEBUG_INFORMATION_FORMAT = dwarf;
				ENABLE_STRICT_OBJC_MSGSEND = YES;
				ENABLE_TESTABILITY = YES;
				GCC_C_LANGUAGE_STANDARD = gnu11;
				GCC_DYNAMIC_NO_PIC = NO;
				GCC_NO_COMMON_BLOCKS = YES;
				GCC_OPTIMIZATION_LEVEL = 0;
				GCC_PREPROCESSOR_DEFINITIONS = (
					"DEBUG=1",
					"$(inherited)",
				);
				GCC_WARN_64_TO_32_BIT_CONVERSION = YES;
				GCC_WARN_ABOUT_RETURN_TYPE = YES_ERROR;
				GCC_WARN_UNDECLARED_SELECTOR = YES;
				GCC_WARN_UNINITIALIZED_AUTOS = YES_AGGRESSIVE;
				GCC_WARN_UNUSED_FUNCTION = YES;
				GCC_WARN_UNUSED_VARIABLE = YES;
				IPHONEOS_DEPLOYMENT_TARGET = 16.2;
				MTL_ENABLE_DEBUG_INFO = INCLUDE_SOURCE;
				MTL_FAST_MATH = YES;
				ONLY_ACTIVE_ARCH = YES;
				SDKROOT = iphoneos;
				SWIFT_ACTIVE_COMPILATION_CONDITIONS = DEBUG;
				SWIFT_OPTIMIZATION_LEVEL = "-Onone";
			};
			name = Debug;
		};
		57FC1B952AAB42AA007AE0DA /* Release */ = {
			isa = XCBuildConfiguration;
			buildSettings = {
				ALWAYS_SEARCH_USER_PATHS = NO;
				CLANG_ANALYZER_NONNULL = YES;
				CLANG_ANALYZER_NUMBER_OBJECT_CONVERSION = YES_AGGRESSIVE;
				CLANG_CXX_LANGUAGE_STANDARD = "gnu++20";
				CLANG_ENABLE_MODULES = YES;
				CLANG_ENABLE_OBJC_ARC = YES;
				CLANG_ENABLE_OBJC_WEAK = YES;
				CLANG_WARN_BLOCK_CAPTURE_AUTORELEASING = YES;
				CLANG_WARN_BOOL_CONVERSION = YES;
				CLANG_WARN_COMMA = YES;
				CLANG_WARN_CONSTANT_CONVERSION = YES;
				CLANG_WARN_DEPRECATED_OBJC_IMPLEMENTATIONS = YES;
				CLANG_WARN_DIRECT_OBJC_ISA_USAGE = YES_ERROR;
				CLANG_WARN_DOCUMENTATION_COMMENTS = YES;
				CLANG_WARN_EMPTY_BODY = YES;
				CLANG_WARN_ENUM_CONVERSION = YES;
				CLANG_WARN_INFINITE_RECURSION = YES;
				CLANG_WARN_INT_CONVERSION = YES;
				CLANG_WARN_NON_LITERAL_NULL_CONVERSION = YES;
				CLANG_WARN_OBJC_IMPLICIT_RETAIN_SELF = YES;
				CLANG_WARN_OBJC_LITERAL_CONVERSION = YES;
				CLANG_WARN_OBJC_ROOT_CLASS = YES_ERROR;
				CLANG_WARN_QUOTED_INCLUDE_IN_FRAMEWORK_HEADER = YES;
				CLANG_WARN_RANGE_LOOP_ANALYSIS = YES;
				CLANG_WARN_STRICT_PROTOTYPES = YES;
				CLANG_WARN_SUSPICIOUS_MOVE = YES;
				CLANG_WARN_UNGUARDED_AVAILABILITY = YES_AGGRESSIVE;
				CLANG_WARN_UNREACHABLE_CODE = YES;
				CLANG_WARN__DUPLICATE_METHOD_MATCH = YES;
				COPY_PHASE_STRIP = NO;
				DEBUG_INFORMATION_FORMAT = "dwarf-with-dsym";
				ENABLE_NS_ASSERTIONS = NO;
				ENABLE_STRICT_OBJC_MSGSEND = YES;
				GCC_C_LANGUAGE_STANDARD = gnu11;
				GCC_NO_COMMON_BLOCKS = YES;
				GCC_WARN_64_TO_32_BIT_CONVERSION = YES;
				GCC_WARN_ABOUT_RETURN_TYPE = YES_ERROR;
				GCC_WARN_UNDECLARED_SELECTOR = YES;
				GCC_WARN_UNINITIALIZED_AUTOS = YES_AGGRESSIVE;
				GCC_WARN_UNUSED_FUNCTION = YES;
				GCC_WARN_UNUSED_VARIABLE = YES;
				IPHONEOS_DEPLOYMENT_TARGET = 16.2;
				MTL_ENABLE_DEBUG_INFO = NO;
				MTL_FAST_MATH = YES;
				SDKROOT = iphoneos;
				SWIFT_COMPILATION_MODE = wholemodule;
				SWIFT_OPTIMIZATION_LEVEL = "-O";
				VALIDATE_PRODUCT = YES;
			};
			name = Release;
		};
		57FC1B972AAB42AA007AE0DA /* Debug */ = {
			isa = XCBuildConfiguration;
			buildSettings = {
				ASSETCATALOG_COMPILER_APPICON_NAME = AppIcon;
				ASSETCATALOG_COMPILER_GLOBAL_ACCENT_COLOR_NAME = AccentColor;
				CODE_SIGN_STYLE = Automatic;
				CURRENT_PROJECT_VERSION = 1;
				DEVELOPMENT_TEAM = 6KJCJHF4C4;
				GENERATE_INFOPLIST_FILE = YES;
				INFOPLIST_FILE = ColorSelector/Info.plist;
				INFOPLIST_KEY_LSApplicationCategoryType = "public.app-category.utilities";
				INFOPLIST_KEY_UIApplicationSupportsIndirectInputEvents = YES;
				INFOPLIST_KEY_UILaunchStoryboardName = LaunchScreen;
				INFOPLIST_KEY_UIMainStoryboardFile = Main;
				INFOPLIST_KEY_UISupportedInterfaceOrientations_iPad = "UIInterfaceOrientationPortrait UIInterfaceOrientationPortraitUpsideDown UIInterfaceOrientationLandscapeLeft UIInterfaceOrientationLandscapeRight";
				INFOPLIST_KEY_UISupportedInterfaceOrientations_iPhone = "UIInterfaceOrientationPortrait UIInterfaceOrientationLandscapeLeft UIInterfaceOrientationLandscapeRight";
				LD_RUNPATH_SEARCH_PATHS = (
					"$(inherited)",
					"@executable_path/Frameworks",
				);
				MARKETING_VERSION = 1.1;
				PRODUCT_BUNDLE_IDENTIFIER = com.wassim.Zerouta.ColorSelector;
				PRODUCT_NAME = "$(TARGET_NAME)";
				SUPPORTED_PLATFORMS = "iphoneos iphonesimulator";
				SUPPORTS_MACCATALYST = NO;
				SUPPORTS_MAC_DESIGNED_FOR_IPHONE_IPAD = NO;
				SWIFT_EMIT_LOC_STRINGS = YES;
				SWIFT_VERSION = 5.0;
				TARGETED_DEVICE_FAMILY = "1,2";
			};
			name = Debug;
		};
		57FC1B982AAB42AA007AE0DA /* Release */ = {
			isa = XCBuildConfiguration;
			buildSettings = {
				ASSETCATALOG_COMPILER_APPICON_NAME = AppIcon;
				ASSETCATALOG_COMPILER_GLOBAL_ACCENT_COLOR_NAME = AccentColor;
				CODE_SIGN_STYLE = Automatic;
				CURRENT_PROJECT_VERSION = 1;
				DEVELOPMENT_TEAM = 6KJCJHF4C4;
				GENERATE_INFOPLIST_FILE = YES;
				INFOPLIST_FILE = ColorSelector/Info.plist;
				INFOPLIST_KEY_LSApplicationCategoryType = "public.app-category.utilities";
				INFOPLIST_KEY_UIApplicationSupportsIndirectInputEvents = YES;
				INFOPLIST_KEY_UILaunchStoryboardName = LaunchScreen;
				INFOPLIST_KEY_UIMainStoryboardFile = Main;
				INFOPLIST_KEY_UISupportedInterfaceOrientations_iPad = "UIInterfaceOrientationPortrait UIInterfaceOrientationPortraitUpsideDown UIInterfaceOrientationLandscapeLeft UIInterfaceOrientationLandscapeRight";
				INFOPLIST_KEY_UISupportedInterfaceOrientations_iPhone = "UIInterfaceOrientationPortrait UIInterfaceOrientationLandscapeLeft UIInterfaceOrientationLandscapeRight";
				LD_RUNPATH_SEARCH_PATHS = (
					"$(inherited)",
					"@executable_path/Frameworks",
				);
				MARKETING_VERSION = 1.1;
				PRODUCT_BUNDLE_IDENTIFIER = com.wassim.Zerouta.ColorSelector;
				PRODUCT_NAME = "$(TARGET_NAME)";
				SUPPORTED_PLATFORMS = "iphoneos iphonesimulator";
				SUPPORTS_MACCATALYST = NO;
				SUPPORTS_MAC_DESIGNED_FOR_IPHONE_IPAD = NO;
				SWIFT_EMIT_LOC_STRINGS = YES;
				SWIFT_VERSION = 5.0;
				TARGETED_DEVICE_FAMILY = "1,2";
			};
			name = Release;
		};
/* End XCBuildConfiguration section */

/* Begin XCConfigurationList section */
		574927222ABC40480019780B /* Build configuration list for PBXNativeTarget "ColorSelectorTests" */ = {
			isa = XCConfigurationList;
			buildConfigurations = (
				574927232ABC40480019780B /* Debug */,
				574927242ABC40480019780B /* Release */,
			);
			defaultConfigurationIsVisible = 0;
			defaultConfigurationName = Release;
		};
		57FC1B7D2AAB42A5007AE0DA /* Build configuration list for PBXProject "ColorSelector" */ = {
			isa = XCConfigurationList;
			buildConfigurations = (
				57FC1B942AAB42AA007AE0DA /* Debug */,
				57FC1B952AAB42AA007AE0DA /* Release */,
			);
			defaultConfigurationIsVisible = 0;
			defaultConfigurationName = Release;
		};
		57FC1B962AAB42AA007AE0DA /* Build configuration list for PBXNativeTarget "ColorSelector" */ = {
			isa = XCConfigurationList;
			buildConfigurations = (
				57FC1B972AAB42AA007AE0DA /* Debug */,
				57FC1B982AAB42AA007AE0DA /* Release */,
			);
			defaultConfigurationIsVisible = 0;
			defaultConfigurationName = Release;
		};
/* End XCConfigurationList section */
	};
	rootObject = 57FC1B7A2AAB42A5007AE0DA /* Project object */;
}
